
Microsoft Visual Studio Solution File, Format Version 12.00
# Visual Studio Version 17
VisualStudioVersion = 17.4.33213.308
MinimumVisualStudioVersion = 10.0.40219.1
Project("{FAE04EC0-301F-11D3-BF4B-00C04F79EFBC}") = "P2_2019MF650_2019SM601_2019AP650", "P2_2019MF650_2019SM601_2019AP650\P2_2019MF650_2019SM601_2019AP650.csproj", "{650633AB-F044-4E19-89A8-187B37EC0124}"
EndProject
Global
	GlobalSection(SolutionConfigurationPlatforms) = preSolution
		Debug|Any CPU = Debug|Any CPU
		Release|Any CPU = Release|Any CPU
	EndGlobalSection
	GlobalSection(ProjectConfigurationPlatforms) = postSolution
		{650633AB-F044-4E19-89A8-187B37EC0124}.Debug|Any CPU.ActiveCfg = Debug|Any CPU
		{650633AB-F044-4E19-89A8-187B37EC0124}.Debug|Any CPU.Build.0 = Debug|Any CPU
		{650633AB-F044-4E19-89A8-187B37EC0124}.Release|Any CPU.ActiveCfg = Release|Any CPU
		{650633AB-F044-4E19-89A8-187B37EC0124}.Release|Any CPU.Build.0 = Release|Any CPU
	EndGlobalSection
	GlobalSection(SolutionProperties) = preSolution
		HideSolutionNode = FALSE
	EndGlobalSection
	GlobalSection(ExtensibilityGlobals) = postSolution
		SolutionGuid = {A35D6D7E-9409-4D5E-A90B-1647047BE0AE}
	EndGlobalSection
EndGlobal
